
Microsoft Visual Studio Solution File, Format Version 12.00
# Visual Studio Version 17
VisualStudioVersion = 17.9.34728.123
MinimumVisualStudioVersion = 10.0.40219.1
Project("{9A19103F-16F7-4668-BE54-9A1E7A4F7556}") = "Mcsg.Comic.Api", "Mcsg.Comic.Api\Mcsg.Comic.Api.csproj", "{E04A08F4-2FFC-44C8-84F6-D2E7C546C75E}"
EndProject
Project("{2150E333-8FDC-42A3-9474-1A3956D46DE8}") = "Lib", "Lib", "{A1152CA1-B444-4676-B59D-06093C823044}"
EndProject
Project("{9A19103F-16F7-4668-BE54-9A1E7A4F7556}") = "Mcsg.Lib.Common", "Lib\Mcsg.Lib.Common\Mcsg.Lib.Common.csproj", "{63A43195-F5B8-48B1-8073-6A7D77FFB884}"
EndProject
Project("{9A19103F-16F7-4668-BE54-9A1E7A4F7556}") = "Mcsg.Lib.Common.Web", "Lib\Mcsg.Lib.Common.Web\Mcsg.Lib.Common.Web.csproj", "{8D319E3A-0BA5-4115-A81D-8675CBDAD5DB}"
EndProject
Project("{9A19103F-16F7-4668-BE54-9A1E7A4F7556}") = "Mcsg.Lib.Data", "Lib\Mcsg.Lib.Data\Mcsg.Lib.Data.csproj", "{354BBCC4-6583-4444-A136-E4D5430024C8}"
EndProject
Project("{9A19103F-16F7-4668-BE54-9A1E7A4F7556}") = "Mcsg.Wallet.Domain", "Mcsg.Wallet.Domain\Mcsg.Wallet.Domain.csproj", "{4CD39EC9-A8E7-44D8-80C2-B4EA46F412BF}"
EndProject
Project("{9A19103F-16F7-4668-BE54-9A1E7A4F7556}") = "Mcsg.Social.Api", "Mcsg.Social.Api\Mcsg.Social.Api.csproj", "{EEC2B46C-4B06-4F90-852A-AECECB5DA293}"
EndProject
Project("{9A19103F-16F7-4668-BE54-9A1E7A4F7556}") = "Mcsg.Function.Job", "Mcsg.Function.Job\Mcsg.Function.Job.csproj", "{19732DD6-A7BD-4BF2-8D4E-6E2D1DB92F9B}"
EndProject
Project("{9A19103F-16F7-4668-BE54-9A1E7A4F7556}") = "Mcsg.Media.Api", "Mcsg.Media.Api\Mcsg.Media.Api.csproj", "{BCF08E59-93BE-497F-98FD-3E7B974654C8}"
EndProject
Project("{9A19103F-16F7-4668-BE54-9A1E7A4F7556}") = "Mcsg.Identity.Api", "Mcsg.Identity.Api\Mcsg.Identity.Api.csproj", "{9F2DCF1D-99DC-4399-B321-31684EA8C706}"
EndProject
Project("{9A19103F-16F7-4668-BE54-9A1E7A4F7556}") = "Mcsg.Media.Tool", "Mcsg.Media.Tool\Mcsg.Media.Tool.csproj", "{61580022-0621-49F9-AC09-A671840A4A8D}"
EndProject
Project("{9A19103F-16F7-4668-BE54-9A1E7A4F7556}") = "Mcsg.Realtime.Api", "Mcsg.Realtime.Api\Mcsg.Realtime.Api.csproj", "{101440DB-92B2-469E-A7AE-113132AD0EA9}"
EndProject
Project("{9A19103F-16F7-4668-BE54-9A1E7A4F7556}") = "Mcsg.Wallet.Api", "Mcsg.Wallet.Api\Mcsg.Wallet.Api.csproj", "{79A698A8-4B3D-4C08-853C-0B84CC5FA734}"
EndProject
Project("{2150E333-8FDC-42A3-9474-1A3956D46DE8}") = "Test", "Test", "{CAF3B9DA-3506-4360-9784-B3CB4461EAEC}"
EndProject
Project("{9A19103F-16F7-4668-BE54-9A1E7A4F7556}") = "Mcsg.Lib.Common.Test", "Lib\Mcsg.Lib.Common.Test\Mcsg.Lib.Common.Test.csproj", "{095A4B73-D34E-4B25-A0EA-D948180FEBA6}"
EndProject
Project("{2150E333-8FDC-42A3-9474-1A3956D46DE8}") = "Common", "Common", "{13CA4E71-2762-45FE-88F3-DD1F7B11C428}"
EndProject
Project("{9A19103F-16F7-4668-BE54-9A1E7A4F7556}") = "Mcsg.Common.SeedWork", "Common\Mcsg.Common.SeedWork\Mcsg.Common.SeedWork.csproj", "{3FEFF345-4ABA-4934-97FD-FFD4C0603664}"
EndProject
Project("{9A19103F-16F7-4668-BE54-9A1E7A4F7556}") = "Mcsg.Common.Core", "Common\Mcsg.Common.Core\Mcsg.Common.Core.csproj", "{F52B0918-6AAE-4A0D-B661-329107D54E4E}"
EndProject
Project("{2150E333-8FDC-42A3-9474-1A3956D46DE8}") = "Test", "Test", "{8989776E-FC41-4779-A11E-81D0A3ACA654}"
EndProject
Project("{9A19103F-16F7-4668-BE54-9A1E7A4F7556}") = "Mcsg.Social.Api.Test", "Test\Mcsg.Social.Api.Test\Mcsg.Social.Api.Test.csproj", "{1FA3EB39-B296-4C60-8CF1-770643EC6EB8}"
EndProject
Project("{2150E333-8FDC-42A3-9474-1A3956D46DE8}") = "Test", "Test", "{CACE9927-6542-4C49-BF7B-2CBD43A58993}"
EndProject
Project("{9A19103F-16F7-4668-BE54-9A1E7A4F7556}") = "Mcsg.Common.Core.Test", "Common\Test\Mcsg.Common.Core.Test\Mcsg.Common.Core.Test.csproj", "{9C775BFC-A9DB-4A4D-9BDB-84DC5158C98A}"
EndProject
Project("{9A19103F-16F7-4668-BE54-9A1E7A4F7556}") = "Mcsg.Comic.Api.Test", "Test\Mcsg.Comic.Api.Test\Mcsg.Comic.Api.Test.csproj", "{9D69D4BB-2B9A-4809-8579-95DEEC944412}"
EndProject
Project("{9A19103F-16F7-4668-BE54-9A1E7A4F7556}") = "Mcsg.Story.Api", "Mcsg.Story.Api\Mcsg.Story.Api.csproj", "{F2EFD82B-8B52-4B50-986F-92BC53A118C1}"
EndProject
Project("{9A19103F-16F7-4668-BE54-9A1E7A4F7556}") = "Mcsg.Story.Api.Test", "Test\Mcsg.Story.Api.Test\Mcsg.Story.Api.Test.csproj", "{F5199825-FE7D-4929-ACD3-23EB01F5F9C2}"
EndProject
Project("{9A19103F-16F7-4668-BE54-9A1E7A4F7556}") = "Mcsg.Common.Domain", "Common\Mcsg.Common.Domain\Mcsg.Common.Domain.csproj", "{4ED28097-21B9-4526-8FDE-C6B8E73739DB}"
EndProject
Project("{9A19103F-16F7-4668-BE54-9A1E7A4F7556}") = "Mcsg.Common", "Common\Mcsg.Common\Mcsg.Common.csproj", "{31F76CBB-6182-4ACC-88A7-1146F1A93731}"
EndProject
Project("{9A19103F-16F7-4668-BE54-9A1E7A4F7556}") = "Mcsg.Common.SeedWork.Test", "Common\Test\Mcsg.Common.SeedWork.Test\Mcsg.Common.SeedWork.Test.csproj", "{2F636EE2-3B1F-46F3-A9F0-33FE794D1C4A}"
EndProject
Project("{9A19103F-16F7-4668-BE54-9A1E7A4F7556}") = "Mcsg.Identity.Api.Test", "Test\Mcsg.Identity.Api.Test\Mcsg.Identity.Api.Test.csproj", "{328D3A4E-18ED-48E4-91FD-6EFA3C41DF5A}"
EndProject
Project("{2150E333-8FDC-42A3-9474-1A3956D46DE8}") = "Wallet", "Wallet", "{EBBB26BD-00C0-410F-A006-93CEE7DD9987}"
EndProject
Project("{9A19103F-16F7-4668-BE54-9A1E7A4F7556}") = "Mcsg.Wallet.Job", "Mcsg.Wallet.Job\Mcsg.Wallet.Job.csproj", "{2B09FA43-390F-4E94-977A-66FB235BEE53}"
EndProject
Project("{9A19103F-16F7-4668-BE54-9A1E7A4F7556}") = "Mcsg.OpenId.Mvc", "Mcsg.OpenId.Mvc\Mcsg.OpenId.Mvc.csproj", "{D1285B88-4DE1-415A-AD85-588F10DBE0AD}"
EndProject
Project("{2150E333-8FDC-42A3-9474-1A3956D46DE8}") = "Media", "Media", "{303878F4-0780-4CF4-BB94-0122DE227131}"
EndProject
Project("{2150E333-8FDC-42A3-9474-1A3956D46DE8}") = "Comic", "Comic", "{5B2B2456-86FC-4D74-A0A3-A37F54DA185D}"
EndProject
Project("{2150E333-8FDC-42A3-9474-1A3956D46DE8}") = "Social", "Social", "{8C8C12AF-E5A3-4CFB-BED1-DA2E55B1B598}"
EndProject
Project("{2150E333-8FDC-42A3-9474-1A3956D46DE8}") = "Story", "Story", "{6AB41880-C5CB-4541-87BE-792979FC4EFA}"
EndProject
Project("{2150E333-8FDC-42A3-9474-1A3956D46DE8}") = "Realtime", "Realtime", "{2EBB7389-4F59-46B6-BC48-62089DFD5EB0}"
EndProject
Global
	GlobalSection(SolutionConfigurationPlatforms) = preSolution
		Debug|Any CPU = Debug|Any CPU
		Release|Any CPU = Release|Any CPU
	EndGlobalSection
	GlobalSection(ProjectConfigurationPlatforms) = postSolution
		{E04A08F4-2FFC-44C8-84F6-D2E7C546C75E}.Debug|Any CPU.ActiveCfg = Debug|Any CPU
		{E04A08F4-2FFC-44C8-84F6-D2E7C546C75E}.Debug|Any CPU.Build.0 = Debug|Any CPU
		{E04A08F4-2FFC-44C8-84F6-D2E7C546C75E}.Release|Any CPU.ActiveCfg = Release|Any CPU
		{E04A08F4-2FFC-44C8-84F6-D2E7C546C75E}.Release|Any CPU.Build.0 = Release|Any CPU
		{63A43195-F5B8-48B1-8073-6A7D77FFB884}.Debug|Any CPU.ActiveCfg = Debug|Any CPU
		{63A43195-F5B8-48B1-8073-6A7D77FFB884}.Debug|Any CPU.Build.0 = Debug|Any CPU
		{63A43195-F5B8-48B1-8073-6A7D77FFB884}.Release|Any CPU.ActiveCfg = Release|Any CPU
		{63A43195-F5B8-48B1-8073-6A7D77FFB884}.Release|Any CPU.Build.0 = Release|Any CPU
		{8D319E3A-0BA5-4115-A81D-8675CBDAD5DB}.Debug|Any CPU.ActiveCfg = Debug|Any CPU
		{8D319E3A-0BA5-4115-A81D-8675CBDAD5DB}.Debug|Any CPU.Build.0 = Debug|Any CPU
		{8D319E3A-0BA5-4115-A81D-8675CBDAD5DB}.Release|Any CPU.ActiveCfg = Release|Any CPU
		{8D319E3A-0BA5-4115-A81D-8675CBDAD5DB}.Release|Any CPU.Build.0 = Release|Any CPU
		{354BBCC4-6583-4444-A136-E4D5430024C8}.Debug|Any CPU.ActiveCfg = Debug|Any CPU
		{354BBCC4-6583-4444-A136-E4D5430024C8}.Debug|Any CPU.Build.0 = Debug|Any CPU
		{354BBCC4-6583-4444-A136-E4D5430024C8}.Release|Any CPU.ActiveCfg = Release|Any CPU
		{354BBCC4-6583-4444-A136-E4D5430024C8}.Release|Any CPU.Build.0 = Release|Any CPU
		{4CD39EC9-A8E7-44D8-80C2-B4EA46F412BF}.Debug|Any CPU.ActiveCfg = Debug|Any CPU
		{4CD39EC9-A8E7-44D8-80C2-B4EA46F412BF}.Debug|Any CPU.Build.0 = Debug|Any CPU
		{4CD39EC9-A8E7-44D8-80C2-B4EA46F412BF}.Release|Any CPU.ActiveCfg = Release|Any CPU
		{4CD39EC9-A8E7-44D8-80C2-B4EA46F412BF}.Release|Any CPU.Build.0 = Release|Any CPU
		{EEC2B46C-4B06-4F90-852A-AECECB5DA293}.Debug|Any CPU.ActiveCfg = Debug|Any CPU
		{EEC2B46C-4B06-4F90-852A-AECECB5DA293}.Debug|Any CPU.Build.0 = Debug|Any CPU
		{EEC2B46C-4B06-4F90-852A-AECECB5DA293}.Release|Any CPU.ActiveCfg = Release|Any CPU
		{EEC2B46C-4B06-4F90-852A-AECECB5DA293}.Release|Any CPU.Build.0 = Release|Any CPU
		{19732DD6-A7BD-4BF2-8D4E-6E2D1DB92F9B}.Debug|Any CPU.ActiveCfg = Debug|Any CPU
		{19732DD6-A7BD-4BF2-8D4E-6E2D1DB92F9B}.Debug|Any CPU.Build.0 = Debug|Any CPU
		{19732DD6-A7BD-4BF2-8D4E-6E2D1DB92F9B}.Release|Any CPU.ActiveCfg = Release|Any CPU
		{19732DD6-A7BD-4BF2-8D4E-6E2D1DB92F9B}.Release|Any CPU.Build.0 = Release|Any CPU
		{BCF08E59-93BE-497F-98FD-3E7B974654C8}.Debug|Any CPU.ActiveCfg = Debug|Any CPU
		{BCF08E59-93BE-497F-98FD-3E7B974654C8}.Debug|Any CPU.Build.0 = Debug|Any CPU
		{BCF08E59-93BE-497F-98FD-3E7B974654C8}.Release|Any CPU.ActiveCfg = Release|Any CPU
		{BCF08E59-93BE-497F-98FD-3E7B974654C8}.Release|Any CPU.Build.0 = Release|Any CPU
		{9F2DCF1D-99DC-4399-B321-31684EA8C706}.Debug|Any CPU.ActiveCfg = Debug|Any CPU
		{9F2DCF1D-99DC-4399-B321-31684EA8C706}.Debug|Any CPU.Build.0 = Debug|Any CPU
		{9F2DCF1D-99DC-4399-B321-31684EA8C706}.Release|Any CPU.ActiveCfg = Release|Any CPU
		{9F2DCF1D-99DC-4399-B321-31684EA8C706}.Release|Any CPU.Build.0 = Release|Any CPU
		{61580022-0621-49F9-AC09-A671840A4A8D}.Debug|Any CPU.ActiveCfg = Debug|Any CPU
		{61580022-0621-49F9-AC09-A671840A4A8D}.Debug|Any CPU.Build.0 = Debug|Any CPU
		{61580022-0621-49F9-AC09-A671840A4A8D}.Release|Any CPU.ActiveCfg = Release|Any CPU
		{61580022-0621-49F9-AC09-A671840A4A8D}.Release|Any CPU.Build.0 = Release|Any CPU
		{101440DB-92B2-469E-A7AE-113132AD0EA9}.Debug|Any CPU.ActiveCfg = Debug|Any CPU
		{101440DB-92B2-469E-A7AE-113132AD0EA9}.Debug|Any CPU.Build.0 = Debug|Any CPU
		{101440DB-92B2-469E-A7AE-113132AD0EA9}.Release|Any CPU.ActiveCfg = Release|Any CPU
		{101440DB-92B2-469E-A7AE-113132AD0EA9}.Release|Any CPU.Build.0 = Release|Any CPU
		{79A698A8-4B3D-4C08-853C-0B84CC5FA734}.Debug|Any CPU.ActiveCfg = Debug|Any CPU
		{79A698A8-4B3D-4C08-853C-0B84CC5FA734}.Debug|Any CPU.Build.0 = Debug|Any CPU
		{79A698A8-4B3D-4C08-853C-0B84CC5FA734}.Release|Any CPU.ActiveCfg = Release|Any CPU
		{79A698A8-4B3D-4C08-853C-0B84CC5FA734}.Release|Any CPU.Build.0 = Release|Any CPU
		{095A4B73-D34E-4B25-A0EA-D948180FEBA6}.Debug|Any CPU.ActiveCfg = Debug|Any CPU
		{095A4B73-D34E-4B25-A0EA-D948180FEBA6}.Debug|Any CPU.Build.0 = Debug|Any CPU
		{095A4B73-D34E-4B25-A0EA-D948180FEBA6}.Release|Any CPU.ActiveCfg = Release|Any CPU
		{095A4B73-D34E-4B25-A0EA-D948180FEBA6}.Release|Any CPU.Build.0 = Release|Any CPU
		{3FEFF345-4ABA-4934-97FD-FFD4C0603664}.Debug|Any CPU.ActiveCfg = Debug|Any CPU
		{3FEFF345-4ABA-4934-97FD-FFD4C0603664}.Debug|Any CPU.Build.0 = Debug|Any CPU
		{3FEFF345-4ABA-4934-97FD-FFD4C0603664}.Release|Any CPU.ActiveCfg = Release|Any CPU
		{3FEFF345-4ABA-4934-97FD-FFD4C0603664}.Release|Any CPU.Build.0 = Release|Any CPU
		{F52B0918-6AAE-4A0D-B661-329107D54E4E}.Debug|Any CPU.ActiveCfg = Debug|Any CPU
		{F52B0918-6AAE-4A0D-B661-329107D54E4E}.Debug|Any CPU.Build.0 = Debug|Any CPU
		{F52B0918-6AAE-4A0D-B661-329107D54E4E}.Release|Any CPU.ActiveCfg = Release|Any CPU
		{F52B0918-6AAE-4A0D-B661-329107D54E4E}.Release|Any CPU.Build.0 = Release|Any CPU
		{1FA3EB39-B296-4C60-8CF1-770643EC6EB8}.Debug|Any CPU.ActiveCfg = Debug|Any CPU
		{1FA3EB39-B296-4C60-8CF1-770643EC6EB8}.Debug|Any CPU.Build.0 = Debug|Any CPU
		{1FA3EB39-B296-4C60-8CF1-770643EC6EB8}.Release|Any CPU.ActiveCfg = Release|Any CPU
		{1FA3EB39-B296-4C60-8CF1-770643EC6EB8}.Release|Any CPU.Build.0 = Release|Any CPU
		{9C775BFC-A9DB-4A4D-9BDB-84DC5158C98A}.Debug|Any CPU.ActiveCfg = Debug|Any CPU
		{9C775BFC-A9DB-4A4D-9BDB-84DC5158C98A}.Debug|Any CPU.Build.0 = Debug|Any CPU
		{9C775BFC-A9DB-4A4D-9BDB-84DC5158C98A}.Release|Any CPU.ActiveCfg = Release|Any CPU
		{9C775BFC-A9DB-4A4D-9BDB-84DC5158C98A}.Release|Any CPU.Build.0 = Release|Any CPU
		{9D69D4BB-2B9A-4809-8579-95DEEC944412}.Debug|Any CPU.ActiveCfg = Debug|Any CPU
		{9D69D4BB-2B9A-4809-8579-95DEEC944412}.Debug|Any CPU.Build.0 = Debug|Any CPU
		{9D69D4BB-2B9A-4809-8579-95DEEC944412}.Release|Any CPU.ActiveCfg = Release|Any CPU
		{9D69D4BB-2B9A-4809-8579-95DEEC944412}.Release|Any CPU.Build.0 = Release|Any CPU
		{F2EFD82B-8B52-4B50-986F-92BC53A118C1}.Debug|Any CPU.ActiveCfg = Debug|Any CPU
		{F2EFD82B-8B52-4B50-986F-92BC53A118C1}.Debug|Any CPU.Build.0 = Debug|Any CPU
		{F2EFD82B-8B52-4B50-986F-92BC53A118C1}.Release|Any CPU.ActiveCfg = Release|Any CPU
		{F2EFD82B-8B52-4B50-986F-92BC53A118C1}.Release|Any CPU.Build.0 = Release|Any CPU
		{F5199825-FE7D-4929-ACD3-23EB01F5F9C2}.Debug|Any CPU.ActiveCfg = Debug|Any CPU
		{F5199825-FE7D-4929-ACD3-23EB01F5F9C2}.Debug|Any CPU.Build.0 = Debug|Any CPU
		{F5199825-FE7D-4929-ACD3-23EB01F5F9C2}.Release|Any CPU.ActiveCfg = Release|Any CPU
		{F5199825-FE7D-4929-ACD3-23EB01F5F9C2}.Release|Any CPU.Build.0 = Release|Any CPU
		{4ED28097-21B9-4526-8FDE-C6B8E73739DB}.Debug|Any CPU.ActiveCfg = Debug|Any CPU
		{4ED28097-21B9-4526-8FDE-C6B8E73739DB}.Debug|Any CPU.Build.0 = Debug|Any CPU
		{4ED28097-21B9-4526-8FDE-C6B8E73739DB}.Release|Any CPU.ActiveCfg = Release|Any CPU
		{4ED28097-21B9-4526-8FDE-C6B8E73739DB}.Release|Any CPU.Build.0 = Release|Any CPU
		{31F76CBB-6182-4ACC-88A7-1146F1A93731}.Debug|Any CPU.ActiveCfg = Debug|Any CPU
		{31F76CBB-6182-4ACC-88A7-1146F1A93731}.Debug|Any CPU.Build.0 = Debug|Any CPU
		{31F76CBB-6182-4ACC-88A7-1146F1A93731}.Release|Any CPU.ActiveCfg = Release|Any CPU
		{31F76CBB-6182-4ACC-88A7-1146F1A93731}.Release|Any CPU.Build.0 = Release|Any CPU
		{2F636EE2-3B1F-46F3-A9F0-33FE794D1C4A}.Debug|Any CPU.ActiveCfg = Debug|Any CPU
		{2F636EE2-3B1F-46F3-A9F0-33FE794D1C4A}.Debug|Any CPU.Build.0 = Debug|Any CPU
		{2F636EE2-3B1F-46F3-A9F0-33FE794D1C4A}.Release|Any CPU.ActiveCfg = Release|Any CPU
		{2F636EE2-3B1F-46F3-A9F0-33FE794D1C4A}.Release|Any CPU.Build.0 = Release|Any CPU
		{328D3A4E-18ED-48E4-91FD-6EFA3C41DF5A}.Debug|Any CPU.ActiveCfg = Debug|Any CPU
		{328D3A4E-18ED-48E4-91FD-6EFA3C41DF5A}.Debug|Any CPU.Build.0 = Debug|Any CPU
		{328D3A4E-18ED-48E4-91FD-6EFA3C41DF5A}.Release|Any CPU.ActiveCfg = Release|Any CPU
		{328D3A4E-18ED-48E4-91FD-6EFA3C41DF5A}.Release|Any CPU.Build.0 = Release|Any CPU
		{2B09FA43-390F-4E94-977A-66FB235BEE53}.Debug|Any CPU.ActiveCfg = Debug|Any CPU
		{2B09FA43-390F-4E94-977A-66FB235BEE53}.Debug|Any CPU.Build.0 = Debug|Any CPU
		{2B09FA43-390F-4E94-977A-66FB235BEE53}.Release|Any CPU.ActiveCfg = Release|Any CPU
		{2B09FA43-390F-4E94-977A-66FB235BEE53}.Release|Any CPU.Build.0 = Release|Any CPU
		{D1285B88-4DE1-415A-AD85-588F10DBE0AD}.Debug|Any CPU.ActiveCfg = Debug|Any CPU
		{D1285B88-4DE1-415A-AD85-588F10DBE0AD}.Debug|Any CPU.Build.0 = Debug|Any CPU
		{D1285B88-4DE1-415A-AD85-588F10DBE0AD}.Release|Any CPU.ActiveCfg = Release|Any CPU
		{D1285B88-4DE1-415A-AD85-588F10DBE0AD}.Release|Any CPU.Build.0 = Release|Any CPU
	EndGlobalSection
	GlobalSection(SolutionProperties) = preSolution
		HideSolutionNode = FALSE
	EndGlobalSection
	GlobalSection(NestedProjects) = preSolution
		{E04A08F4-2FFC-44C8-84F6-D2E7C546C75E} = {5B2B2456-86FC-4D74-A0A3-A37F54DA185D}
		{63A43195-F5B8-48B1-8073-6A7D77FFB884} = {A1152CA1-B444-4676-B59D-06093C823044}
		{8D319E3A-0BA5-4115-A81D-8675CBDAD5DB} = {A1152CA1-B444-4676-B59D-06093C823044}
		{354BBCC4-6583-4444-A136-E4D5430024C8} = {A1152CA1-B444-4676-B59D-06093C823044}
		{4CD39EC9-A8E7-44D8-80C2-B4EA46F412BF} = {EBBB26BD-00C0-410F-A006-93CEE7DD9987}
		{EEC2B46C-4B06-4F90-852A-AECECB5DA293} = {8C8C12AF-E5A3-4CFB-BED1-DA2E55B1B598}
		{BCF08E59-93BE-497F-98FD-3E7B974654C8} = {303878F4-0780-4CF4-BB94-0122DE227131}
		{61580022-0621-49F9-AC09-A671840A4A8D} = {303878F4-0780-4CF4-BB94-0122DE227131}
		{101440DB-92B2-469E-A7AE-113132AD0EA9} = {2EBB7389-4F59-46B6-BC48-62089DFD5EB0}
		{79A698A8-4B3D-4C08-853C-0B84CC5FA734} = {EBBB26BD-00C0-410F-A006-93CEE7DD9987}
		{CAF3B9DA-3506-4360-9784-B3CB4461EAEC} = {A1152CA1-B444-4676-B59D-06093C823044}
		{095A4B73-D34E-4B25-A0EA-D948180FEBA6} = {CAF3B9DA-3506-4360-9784-B3CB4461EAEC}
		{3FEFF345-4ABA-4934-97FD-FFD4C0603664} = {13CA4E71-2762-45FE-88F3-DD1F7B11C428}
		{F52B0918-6AAE-4A0D-B661-329107D54E4E} = {13CA4E71-2762-45FE-88F3-DD1F7B11C428}
		{1FA3EB39-B296-4C60-8CF1-770643EC6EB8} = {8989776E-FC41-4779-A11E-81D0A3ACA654}
		{CACE9927-6542-4C49-BF7B-2CBD43A58993} = {13CA4E71-2762-45FE-88F3-DD1F7B11C428}
		{9C775BFC-A9DB-4A4D-9BDB-84DC5158C98A} = {CACE9927-6542-4C49-BF7B-2CBD43A58993}
		{9D69D4BB-2B9A-4809-8579-95DEEC944412} = {8989776E-FC41-4779-A11E-81D0A3ACA654}
		{F2EFD82B-8B52-4B50-986F-92BC53A118C1} = {6AB41880-C5CB-4541-87BE-792979FC4EFA}
		{F5199825-FE7D-4929-ACD3-23EB01F5F9C2} = {8989776E-FC41-4779-A11E-81D0A3ACA654}
		{4ED28097-21B9-4526-8FDE-C6B8E73739DB} = {13CA4E71-2762-45FE-88F3-DD1F7B11C428}
		{31F76CBB-6182-4ACC-88A7-1146F1A93731} = {13CA4E71-2762-45FE-88F3-DD1F7B11C428}
		{2F636EE2-3B1F-46F3-A9F0-33FE794D1C4A} = {CACE9927-6542-4C49-BF7B-2CBD43A58993}
		{328D3A4E-18ED-48E4-91FD-6EFA3C41DF5A} = {8989776E-FC41-4779-A11E-81D0A3ACA654}
		{2B09FA43-390F-4E94-977A-66FB235BEE53} = {EBBB26BD-00C0-410F-A006-93CEE7DD9987}
	EndGlobalSection
	GlobalSection(ExtensibilityGlobals) = postSolution
		SolutionGuid = {0B3A0FBC-03FB-40D3-9B7E-FE4CE9768C8C}
	EndGlobalSection
EndGlobal
