
Microsoft Visual Studio Solution File, Format Version 12.00
# Visual Studio Version 17
VisualStudioVersion = 17.0.31903.59
MinimumVisualStudioVersion = 10.0.40219.1
Project("{2150E333-8FDC-42A3-9474-1A3956D46DE8}") = "Comic", "Comic", "{BA48C759-D54D-4640-9D51-09957F32A775}"
EndProject
Project("{2150E333-8FDC-42A3-9474-1A3956D46DE8}") = "Common", "Common", "{487DCAB4-740B-47BD-BC78-F559F1D18896}"
EndProject
Project("{2150E333-8FDC-42A3-9474-1A3956D46DE8}") = "Identity", "Identity", "{464A1070-E954-45D2-9775-12ABDF432D99}"
EndProject
Project("{2150E333-8FDC-42A3-9474-1A3956D46DE8}") = "Social", "Social", "{8D959056-120C-4FC7-A45C-94AA1EF974DA}"
EndProject
Project("{2150E333-8FDC-42A3-9474-1A3956D46DE8}") = "Story", "Story", "{11B4AA7C-2CBB-4C7C-BCAA-EA2E1D0B8317}"
EndProject
Project("{2150E333-8FDC-42A3-9474-1A3956D46DE8}") = "Test", "Test", "{D496D570-AA2C-45FA-9EC4-780B7096D644}"
EndProject
Project("{9A19103F-16F7-4668-BE54-9A1E7A4F7556}") = "Mcsg.Comic.Api", "Mcsg.Comic.Api\Mcsg.Comic.Api.csproj", "{ACAF9B88-FC55-4145-84B1-22AB233E2153}"
EndProject
Project("{9A19103F-16F7-4668-BE54-9A1E7A4F7556}") = "Mcsg.Common", "Common\Mcsg.Common\Mcsg.Common.csproj", "{150C156C-6C77-4B36-832D-A74F8CFA6592}"
EndProject
Project("{9A19103F-16F7-4668-BE54-9A1E7A4F7556}") = "Mcsg.Common.Core", "Common\Mcsg.Common.Core\Mcsg.Common.Core.csproj", "{335CBD56-4816-4727-A568-52CA5F8B247E}"
EndProject
Project("{9A19103F-16F7-4668-BE54-9A1E7A4F7556}") = "Mcsg.Common.Domain", "Common\Mcsg.Common.Domain\Mcsg.Common.Domain.csproj", "{C7B8F66C-F2C5-4845-8172-3F6E11B28EA4}"
EndProject
Project("{9A19103F-16F7-4668-BE54-9A1E7A4F7556}") = "Mcsg.Common.SeedWork", "Common\Mcsg.Common.SeedWork\Mcsg.Common.SeedWork.csproj", "{950D1619-D113-46EB-8ABF-4567D064EBFB}"
EndProject
Project("{9A19103F-16F7-4668-BE54-9A1E7A4F7556}") = "Mcsg.Identity.Api", "Mcsg.Identity.Api\Mcsg.Identity.Api.csproj", "{87176576-4738-4916-A94E-2C2EF603900D}"
EndProject
Project("{9A19103F-16F7-4668-BE54-9A1E7A4F7556}") = "Mcsg.Media.Tool", "Mcsg.Media.Tool\Mcsg.Media.Tool.csproj", "{77EC2A5B-B202-4E1E-917C-996066800D29}"
EndProject
Project("{9A19103F-16F7-4668-BE54-9A1E7A4F7556}") = "Mcsg.Realtime.Api", "Mcsg.Realtime.Api\Mcsg.Realtime.Api.csproj", "{F51301D9-F55F-453D-889F-9334DA947B9C}"
EndProject
Project("{9A19103F-16F7-4668-BE54-9A1E7A4F7556}") = "Mcsg.Social.Api", "Mcsg.Social.Api\Mcsg.Social.Api.csproj", "{D3260703-BE72-4CDC-AE42-E64A37CD8379}"
EndProject
Project("{9A19103F-16F7-4668-BE54-9A1E7A4F7556}") = "Mcsg.Story.Api", "Mcsg.Story.Api\Mcsg.Story.Api.csproj", "{B53BABC0-5F63-4705-89EA-54CB364459B7}"
EndProject
Project("{9A19103F-16F7-4668-BE54-9A1E7A4F7556}") = "Mcsg.Comic.Api.Test", "Test\Mcsg.Comic.Api.Test\Mcsg.Comic.Api.Test.csproj", "{BF7CFFA7-A725-4D6F-B63D-B16C3BDC1D48}"
EndProject
Project("{9A19103F-16F7-4668-BE54-9A1E7A4F7556}") = "Mcsg.Identity.Api.Test", "Test\Mcsg.Identity.Api.Test\Mcsg.Identity.Api.Test.csproj", "{6DFB5A4A-47E3-4598-AC22-C4BD392DEBD8}"
EndProject
Project("{9A19103F-16F7-4668-BE54-9A1E7A4F7556}") = "Mcsg.Social.Api.Test", "Test\Mcsg.Social.Api.Test\Mcsg.Social.Api.Test.csproj", "{50A95B73-1D81-4E27-862E-C6859E1DB031}"
EndProject
Project("{9A19103F-16F7-4668-BE54-9A1E7A4F7556}") = "Mcsg.Story.Api.Test", "Test\Mcsg.Story.Api.Test\Mcsg.Story.Api.Test.csproj", "{EA5D3EDB-748E-42D7-8101-9F29DD450EB1}"
EndProject
Project("{2150E333-8FDC-42A3-9474-1A3956D46DE8}") = "Test", "Test", "{DBFAC271-37ED-414C-B55E-E26334927797}"
EndProject
Project("{9A19103F-16F7-4668-BE54-9A1E7A4F7556}") = "Mcsg.Common.Core.Test", "Common\Test\Mcsg.Common.Core.Test\Mcsg.Common.Core.Test.csproj", "{004D37DD-F1AB-438C-9555-2037DD07C95C}"
EndProject
Project("{9A19103F-16F7-4668-BE54-9A1E7A4F7556}") = "Mcsg.Common.SeedWork.Test", "Common\Test\Mcsg.Common.SeedWork.Test\Mcsg.Common.SeedWork.Test.csproj", "{6A45B94A-0A7D-4280-90CB-12B6CA906F07}"
EndProject
Project("{9A19103F-16F7-4668-BE54-9A1E7A4F7556}") = "Mcsg.Function.Job", "Mcsg.Function.Job\Mcsg.Function.Job.csproj", "{60376F99-2FB1-4679-9A2E-422121D6D716}"
EndProject
Project("{9A19103F-16F7-4668-BE54-9A1E7A4F7556}") = "Mcsg.OpenId.Mvc", "Mcsg.OpenId.Mvc\Mcsg.OpenId.Mvc.csproj", "{8F628833-FC50-4986-B282-687F3A7592A2}"
EndProject
Project("{2150E333-8FDC-42A3-9474-1A3956D46DE8}") = "Document", "Document", "{0126AA8B-775B-43DC-9293-5DF6ABC16D5C}"
EndProject
Project("{9A19103F-16F7-4668-BE54-9A1E7A4F7556}") = "Mcsg.Document.Api", "Mcsg.Document.Api\Mcsg.Document.Api.csproj", "{C963F527-454F-48F3-927A-B04150F31A91}"
EndProject
Global
	GlobalSection(SolutionConfigurationPlatforms) = preSolution
		Debug|Any CPU = Debug|Any CPU
		Release|Any CPU = Release|Any CPU
	EndGlobalSection
	GlobalSection(ProjectConfigurationPlatforms) = postSolution
		{ACAF9B88-FC55-4145-84B1-22AB233E2153}.Debug|Any CPU.ActiveCfg = Debug|Any CPU
		{ACAF9B88-FC55-4145-84B1-22AB233E2153}.Debug|Any CPU.Build.0 = Debug|Any CPU
		{ACAF9B88-FC55-4145-84B1-22AB233E2153}.Release|Any CPU.ActiveCfg = Release|Any CPU
		{ACAF9B88-FC55-4145-84B1-22AB233E2153}.Release|Any CPU.Build.0 = Release|Any CPU
		{150C156C-6C77-4B36-832D-A74F8CFA6592}.Debug|Any CPU.ActiveCfg = Debug|Any CPU
		{150C156C-6C77-4B36-832D-A74F8CFA6592}.Debug|Any CPU.Build.0 = Debug|Any CPU
		{150C156C-6C77-4B36-832D-A74F8CFA6592}.Release|Any CPU.ActiveCfg = Release|Any CPU
		{150C156C-6C77-4B36-832D-A74F8CFA6592}.Release|Any CPU.Build.0 = Release|Any CPU
		{335CBD56-4816-4727-A568-52CA5F8B247E}.Debug|Any CPU.ActiveCfg = Debug|Any CPU
		{335CBD56-4816-4727-A568-52CA5F8B247E}.Debug|Any CPU.Build.0 = Debug|Any CPU
		{335CBD56-4816-4727-A568-52CA5F8B247E}.Release|Any CPU.ActiveCfg = Release|Any CPU
		{335CBD56-4816-4727-A568-52CA5F8B247E}.Release|Any CPU.Build.0 = Release|Any CPU
		{C7B8F66C-F2C5-4845-8172-3F6E11B28EA4}.Debug|Any CPU.ActiveCfg = Debug|Any CPU
		{C7B8F66C-F2C5-4845-8172-3F6E11B28EA4}.Debug|Any CPU.Build.0 = Debug|Any CPU
		{C7B8F66C-F2C5-4845-8172-3F6E11B28EA4}.Release|Any CPU.ActiveCfg = Release|Any CPU
		{C7B8F66C-F2C5-4845-8172-3F6E11B28EA4}.Release|Any CPU.Build.0 = Release|Any CPU
		{950D1619-D113-46EB-8ABF-4567D064EBFB}.Debug|Any CPU.ActiveCfg = Debug|Any CPU
		{950D1619-D113-46EB-8ABF-4567D064EBFB}.Debug|Any CPU.Build.0 = Debug|Any CPU
		{950D1619-D113-46EB-8ABF-4567D064EBFB}.Release|Any CPU.ActiveCfg = Release|Any CPU
		{950D1619-D113-46EB-8ABF-4567D064EBFB}.Release|Any CPU.Build.0 = Release|Any CPU
		{87176576-4738-4916-A94E-2C2EF603900D}.Debug|Any CPU.ActiveCfg = Debug|Any CPU
		{87176576-4738-4916-A94E-2C2EF603900D}.Debug|Any CPU.Build.0 = Debug|Any CPU
		{87176576-4738-4916-A94E-2C2EF603900D}.Release|Any CPU.ActiveCfg = Release|Any CPU
		{87176576-4738-4916-A94E-2C2EF603900D}.Release|Any CPU.Build.0 = Release|Any CPU
		{77EC2A5B-B202-4E1E-917C-996066800D29}.Debug|Any CPU.ActiveCfg = Debug|Any CPU
		{77EC2A5B-B202-4E1E-917C-996066800D29}.Debug|Any CPU.Build.0 = Debug|Any CPU
		{77EC2A5B-B202-4E1E-917C-996066800D29}.Release|Any CPU.ActiveCfg = Release|Any CPU
		{77EC2A5B-B202-4E1E-917C-996066800D29}.Release|Any CPU.Build.0 = Release|Any CPU
		{F51301D9-F55F-453D-889F-9334DA947B9C}.Debug|Any CPU.ActiveCfg = Debug|Any CPU
		{F51301D9-F55F-453D-889F-9334DA947B9C}.Debug|Any CPU.Build.0 = Debug|Any CPU
		{F51301D9-F55F-453D-889F-9334DA947B9C}.Release|Any CPU.ActiveCfg = Release|Any CPU
		{F51301D9-F55F-453D-889F-9334DA947B9C}.Release|Any CPU.Build.0 = Release|Any CPU
		{D3260703-BE72-4CDC-AE42-E64A37CD8379}.Debug|Any CPU.ActiveCfg = Debug|Any CPU
		{D3260703-BE72-4CDC-AE42-E64A37CD8379}.Debug|Any CPU.Build.0 = Debug|Any CPU
		{D3260703-BE72-4CDC-AE42-E64A37CD8379}.Release|Any CPU.ActiveCfg = Release|Any CPU
		{D3260703-BE72-4CDC-AE42-E64A37CD8379}.Release|Any CPU.Build.0 = Release|Any CPU
		{B53BABC0-5F63-4705-89EA-54CB364459B7}.Debug|Any CPU.ActiveCfg = Debug|Any CPU
		{B53BABC0-5F63-4705-89EA-54CB364459B7}.Debug|Any CPU.Build.0 = Debug|Any CPU
		{B53BABC0-5F63-4705-89EA-54CB364459B7}.Release|Any CPU.ActiveCfg = Release|Any CPU
		{B53BABC0-5F63-4705-89EA-54CB364459B7}.Release|Any CPU.Build.0 = Release|Any CPU
		{BF7CFFA7-A725-4D6F-B63D-B16C3BDC1D48}.Debug|Any CPU.ActiveCfg = Debug|Any CPU
		{BF7CFFA7-A725-4D6F-B63D-B16C3BDC1D48}.Debug|Any CPU.Build.0 = Debug|Any CPU
		{BF7CFFA7-A725-4D6F-B63D-B16C3BDC1D48}.Release|Any CPU.ActiveCfg = Release|Any CPU
		{BF7CFFA7-A725-4D6F-B63D-B16C3BDC1D48}.Release|Any CPU.Build.0 = Release|Any CPU
		{6DFB5A4A-47E3-4598-AC22-C4BD392DEBD8}.Debug|Any CPU.ActiveCfg = Debug|Any CPU
		{6DFB5A4A-47E3-4598-AC22-C4BD392DEBD8}.Debug|Any CPU.Build.0 = Debug|Any CPU
		{6DFB5A4A-47E3-4598-AC22-C4BD392DEBD8}.Release|Any CPU.ActiveCfg = Release|Any CPU
		{6DFB5A4A-47E3-4598-AC22-C4BD392DEBD8}.Release|Any CPU.Build.0 = Release|Any CPU
		{50A95B73-1D81-4E27-862E-C6859E1DB031}.Debug|Any CPU.ActiveCfg = Debug|Any CPU
		{50A95B73-1D81-4E27-862E-C6859E1DB031}.Debug|Any CPU.Build.0 = Debug|Any CPU
		{50A95B73-1D81-4E27-862E-C6859E1DB031}.Release|Any CPU.ActiveCfg = Release|Any CPU
		{50A95B73-1D81-4E27-862E-C6859E1DB031}.Release|Any CPU.Build.0 = Release|Any CPU
		{EA5D3EDB-748E-42D7-8101-9F29DD450EB1}.Debug|Any CPU.ActiveCfg = Debug|Any CPU
		{EA5D3EDB-748E-42D7-8101-9F29DD450EB1}.Debug|Any CPU.Build.0 = Debug|Any CPU
		{EA5D3EDB-748E-42D7-8101-9F29DD450EB1}.Release|Any CPU.ActiveCfg = Release|Any CPU
		{EA5D3EDB-748E-42D7-8101-9F29DD450EB1}.Release|Any CPU.Build.0 = Release|Any CPU
		{004D37DD-F1AB-438C-9555-2037DD07C95C}.Debug|Any CPU.ActiveCfg = Debug|Any CPU
		{004D37DD-F1AB-438C-9555-2037DD07C95C}.Debug|Any CPU.Build.0 = Debug|Any CPU
		{004D37DD-F1AB-438C-9555-2037DD07C95C}.Release|Any CPU.ActiveCfg = Release|Any CPU
		{004D37DD-F1AB-438C-9555-2037DD07C95C}.Release|Any CPU.Build.0 = Release|Any CPU
		{6A45B94A-0A7D-4280-90CB-12B6CA906F07}.Debug|Any CPU.ActiveCfg = Debug|Any CPU
		{6A45B94A-0A7D-4280-90CB-12B6CA906F07}.Debug|Any CPU.Build.0 = Debug|Any CPU
		{6A45B94A-0A7D-4280-90CB-12B6CA906F07}.Release|Any CPU.ActiveCfg = Release|Any CPU
		{6A45B94A-0A7D-4280-90CB-12B6CA906F07}.Release|Any CPU.Build.0 = Release|Any CPU
		{60376F99-2FB1-4679-9A2E-422121D6D716}.Debug|Any CPU.ActiveCfg = Debug|Any CPU
		{60376F99-2FB1-4679-9A2E-422121D6D716}.Debug|Any CPU.Build.0 = Debug|Any CPU
		{60376F99-2FB1-4679-9A2E-422121D6D716}.Release|Any CPU.ActiveCfg = Release|Any CPU
		{60376F99-2FB1-4679-9A2E-422121D6D716}.Release|Any CPU.Build.0 = Release|Any CPU
		{8F628833-FC50-4986-B282-687F3A7592A2}.Debug|Any CPU.ActiveCfg = Debug|Any CPU
		{8F628833-FC50-4986-B282-687F3A7592A2}.Debug|Any CPU.Build.0 = Debug|Any CPU
		{8F628833-FC50-4986-B282-687F3A7592A2}.Release|Any CPU.ActiveCfg = Release|Any CPU
		{8F628833-FC50-4986-B282-687F3A7592A2}.Release|Any CPU.Build.0 = Release|Any CPU
		{C963F527-454F-48F3-927A-B04150F31A91}.Debug|Any CPU.ActiveCfg = Debug|Any CPU
		{C963F527-454F-48F3-927A-B04150F31A91}.Debug|Any CPU.Build.0 = Debug|Any CPU
		{C963F527-454F-48F3-927A-B04150F31A91}.Release|Any CPU.ActiveCfg = Release|Any CPU
		{C963F527-454F-48F3-927A-B04150F31A91}.Release|Any CPU.Build.0 = Release|Any CPU
	EndGlobalSection
	GlobalSection(SolutionProperties) = preSolution
		HideSolutionNode = FALSE
	EndGlobalSection
	GlobalSection(NestedProjects) = preSolution
		{ACAF9B88-FC55-4145-84B1-22AB233E2153} = {BA48C759-D54D-4640-9D51-09957F32A775}
		{150C156C-6C77-4B36-832D-A74F8CFA6592} = {487DCAB4-740B-47BD-BC78-F559F1D18896}
		{335CBD56-4816-4727-A568-52CA5F8B247E} = {487DCAB4-740B-47BD-BC78-F559F1D18896}
		{C7B8F66C-F2C5-4845-8172-3F6E11B28EA4} = {487DCAB4-740B-47BD-BC78-F559F1D18896}
		{950D1619-D113-46EB-8ABF-4567D064EBFB} = {487DCAB4-740B-47BD-BC78-F559F1D18896}
		{87176576-4738-4916-A94E-2C2EF603900D} = {464A1070-E954-45D2-9775-12ABDF432D99}
		{D3260703-BE72-4CDC-AE42-E64A37CD8379} = {8D959056-120C-4FC7-A45C-94AA1EF974DA}
		{B53BABC0-5F63-4705-89EA-54CB364459B7} = {11B4AA7C-2CBB-4C7C-BCAA-EA2E1D0B8317}
		{BF7CFFA7-A725-4D6F-B63D-B16C3BDC1D48} = {D496D570-AA2C-45FA-9EC4-780B7096D644}
		{6DFB5A4A-47E3-4598-AC22-C4BD392DEBD8} = {D496D570-AA2C-45FA-9EC4-780B7096D644}
		{50A95B73-1D81-4E27-862E-C6859E1DB031} = {D496D570-AA2C-45FA-9EC4-780B7096D644}
		{EA5D3EDB-748E-42D7-8101-9F29DD450EB1} = {D496D570-AA2C-45FA-9EC4-780B7096D644}
		{DBFAC271-37ED-414C-B55E-E26334927797} = {487DCAB4-740B-47BD-BC78-F559F1D18896}
		{004D37DD-F1AB-438C-9555-2037DD07C95C} = {DBFAC271-37ED-414C-B55E-E26334927797}
		{6A45B94A-0A7D-4280-90CB-12B6CA906F07} = {DBFAC271-37ED-414C-B55E-E26334927797}
		{C963F527-454F-48F3-927A-B04150F31A91} = {0126AA8B-775B-43DC-9293-5DF6ABC16D5C}
	EndGlobalSection
	GlobalSection(ExtensibilityGlobals) = postSolution
		SolutionGuid = {F635ACDF-2647-43C8-8CE7-274C94A3F540}
	EndGlobalSection
EndGlobal
