
Microsoft Visual Studio Solution File, Format Version 12.00
# Visual Studio Version 17
VisualStudioVersion = 17.0.31903.59
MinimumVisualStudioVersion = 10.0.40219.1
Project("{9A19103F-16F7-4668-BE54-9A1E7A4F7556}") = "Mcsg.Document.Api", "Mcsg.Document.Api\Mcsg.Document.Api.csproj", "{05A8BC17-39D8-4BBF-961B-C1DC9531CAC7}"
EndProject
Project("{9A19103F-16F7-4668-BE54-9A1E7A4F7556}") = "Mcsg.Common.SeedWork", "Common\Mcsg.Common.SeedWork\Mcsg.Common.SeedWork.csproj", "{4B4768CD-CEFA-4948-881C-A08C1CD6B95D}"
EndProject
Project("{9A19103F-16F7-4668-BE54-9A1E7A4F7556}") = "Mcsg.Common.Core", "Common\Mcsg.Common.Core\Mcsg.Common.Core.csproj", "{3F7B1589-1029-4EAF-B486-09B801B62687}"
EndProject
Project("{9A19103F-16F7-4668-BE54-9A1E7A4F7556}") = "Mcsg.Common", "Common\Mcsg.Common\Mcsg.Common.csproj", "{69DD3CC3-7699-43C1-B4CE-ECCEE0EC6BF7}"
EndProject
Project("{9A19103F-16F7-4668-BE54-9A1E7A4F7556}") = "Mcsg.Common.Domain", "Common\Mcsg.Common.Domain\Mcsg.Common.Domain.csproj", "{B6681C5E-EA52-4261-8F17-FB5D5908D875}"
EndProject
Global
	GlobalSection(SolutionConfigurationPlatforms) = preSolution
		Debug|Any CPU = Debug|Any CPU
		Release|Any CPU = Release|Any CPU
	EndGlobalSection
	GlobalSection(ProjectConfigurationPlatforms) = postSolution
		{05A8BC17-39D8-4BBF-961B-C1DC9531CAC7}.Debug|Any CPU.ActiveCfg = Debug|Any CPU
		{05A8BC17-39D8-4BBF-961B-C1DC9531CAC7}.Debug|Any CPU.Build.0 = Debug|Any CPU
		{05A8BC17-39D8-4BBF-961B-C1DC9531CAC7}.Release|Any CPU.ActiveCfg = Release|Any CPU
		{05A8BC17-39D8-4BBF-961B-C1DC9531CAC7}.Release|Any CPU.Build.0 = Release|Any CPU
		{4B4768CD-CEFA-4948-881C-A08C1CD6B95D}.Debug|Any CPU.ActiveCfg = Debug|Any CPU
		{4B4768CD-CEFA-4948-881C-A08C1CD6B95D}.Debug|Any CPU.Build.0 = Debug|Any CPU
		{4B4768CD-CEFA-4948-881C-A08C1CD6B95D}.Release|Any CPU.ActiveCfg = Release|Any CPU
		{4B4768CD-CEFA-4948-881C-A08C1CD6B95D}.Release|Any CPU.Build.0 = Release|Any CPU
		{3F7B1589-1029-4EAF-B486-09B801B62687}.Debug|Any CPU.ActiveCfg = Debug|Any CPU
		{3F7B1589-1029-4EAF-B486-09B801B62687}.Debug|Any CPU.Build.0 = Debug|Any CPU
		{3F7B1589-1029-4EAF-B486-09B801B62687}.Release|Any CPU.ActiveCfg = Release|Any CPU
		{3F7B1589-1029-4EAF-B486-09B801B62687}.Release|Any CPU.Build.0 = Release|Any CPU
		{69DD3CC3-7699-43C1-B4CE-ECCEE0EC6BF7}.Debug|Any CPU.ActiveCfg = Debug|Any CPU
		{69DD3CC3-7699-43C1-B4CE-ECCEE0EC6BF7}.Debug|Any CPU.Build.0 = Debug|Any CPU
		{69DD3CC3-7699-43C1-B4CE-ECCEE0EC6BF7}.Release|Any CPU.ActiveCfg = Release|Any CPU
		{69DD3CC3-7699-43C1-B4CE-ECCEE0EC6BF7}.Release|Any CPU.Build.0 = Release|Any CPU
		{B6681C5E-EA52-4261-8F17-FB5D5908D875}.Debug|Any CPU.ActiveCfg = Debug|Any CPU
		{B6681C5E-EA52-4261-8F17-FB5D5908D875}.Debug|Any CPU.Build.0 = Debug|Any CPU
		{B6681C5E-EA52-4261-8F17-FB5D5908D875}.Release|Any CPU.ActiveCfg = Release|Any CPU
		{B6681C5E-EA52-4261-8F17-FB5D5908D875}.Release|Any CPU.Build.0 = Release|Any CPU
	EndGlobalSection
	GlobalSection(SolutionProperties) = preSolution
		HideSolutionNode = FALSE
	EndGlobalSection
	GlobalSection(ExtensibilityGlobals) = postSolution
		SolutionGuid = {339E8673-3031-44E2-ACEB-2EFF9AA606C7}
	EndGlobalSection
EndGlobal
