
Microsoft Visual Studio Solution File, Format Version 12.00
# Visual Studio Version 17
VisualStudioVersion = 17.9.34728.123
MinimumVisualStudioVersion = 10.0.40219.1
Project("{9A19103F-16F7-4668-BE54-9A1E7A4F7556}") = "Mcsg.Media.Tool", "Mcsg.Media.Tool\Mcsg.Media.Tool.csproj", "{05A8BC17-39D8-4BBF-961B-C1DC9531CAC7}"
EndProject
Project("{9A19103F-16F7-4668-BE54-9A1E7A4F7556}") = "Mcsg.Lib.Common", "Lib\Mcsg.Lib.Common\Mcsg.Lib.Common.csproj", "{8E5F8620-27CF-46BF-A3AA-3E7864723146}"
EndProject
Project("{9A19103F-16F7-4668-BE54-9A1E7A4F7556}") = "Mcsg.Lib.Data", "Lib\Mcsg.Lib.Data\Mcsg.Lib.Data.csproj", "{254C921F-F9B7-4D40-AEA5-70D5FD19E51A}"
EndProject
Project("{9A19103F-16F7-4668-BE54-9A1E7A4F7556}") = "Mcsg.Lib.Data.Wallet", "Lib\Mcsg.Lib.Data.Wallet\Mcsg.Lib.Data.Wallet.csproj", "{6C09C2A6-6FDC-4BAA-AF5D-F14EE2E1FBC7}"
EndProject
Project("{9A19103F-16F7-4668-BE54-9A1E7A4F7556}") = "Mcsg.Lib.Model", "Lib\Mcsg.Lib.Model\Mcsg.Lib.Model.csproj", "{5C678C9A-1EEB-4C70-BEBC-7E091167B21C}"
EndProject
Project("{9A19103F-16F7-4668-BE54-9A1E7A4F7556}") = "Mcsg.Common.SeedWork", "Common\Mcsg.Common.SeedWork\Mcsg.Common.SeedWork.csproj", "{4B4768CD-CEFA-4948-881C-A08C1CD6B95D}"
EndProject
Project("{9A19103F-16F7-4668-BE54-9A1E7A4F7556}") = "Mcsg.Common.Core", "Common\Mcsg.Common.Core\Mcsg.Common.Core.csproj", "{3F7B1589-1029-4EAF-B486-09B801B62687}"
EndProject
Global
	GlobalSection(SolutionConfigurationPlatforms) = preSolution
		Debug|Any CPU = Debug|Any CPU
		Release|Any CPU = Release|Any CPU
	EndGlobalSection
	GlobalSection(ProjectConfigurationPlatforms) = postSolution
		{05A8BC17-39D8-4BBF-961B-C1DC9531CAC7}.Debug|Any CPU.ActiveCfg = Debug|Any CPU
		{05A8BC17-39D8-4BBF-961B-C1DC9531CAC7}.Debug|Any CPU.Build.0 = Debug|Any CPU
		{05A8BC17-39D8-4BBF-961B-C1DC9531CAC7}.Release|Any CPU.ActiveCfg = Release|Any CPU
		{05A8BC17-39D8-4BBF-961B-C1DC9531CAC7}.Release|Any CPU.Build.0 = Release|Any CPU
		{8E5F8620-27CF-46BF-A3AA-3E7864723146}.Debug|Any CPU.ActiveCfg = Debug|Any CPU
		{8E5F8620-27CF-46BF-A3AA-3E7864723146}.Debug|Any CPU.Build.0 = Debug|Any CPU
		{8E5F8620-27CF-46BF-A3AA-3E7864723146}.Release|Any CPU.ActiveCfg = Release|Any CPU
		{8E5F8620-27CF-46BF-A3AA-3E7864723146}.Release|Any CPU.Build.0 = Release|Any CPU
		{254C921F-F9B7-4D40-AEA5-70D5FD19E51A}.Debug|Any CPU.ActiveCfg = Debug|Any CPU
		{254C921F-F9B7-4D40-AEA5-70D5FD19E51A}.Debug|Any CPU.Build.0 = Debug|Any CPU
		{254C921F-F9B7-4D40-AEA5-70D5FD19E51A}.Release|Any CPU.ActiveCfg = Release|Any CPU
		{254C921F-F9B7-4D40-AEA5-70D5FD19E51A}.Release|Any CPU.Build.0 = Release|Any CPU
		{6C09C2A6-6FDC-4BAA-AF5D-F14EE2E1FBC7}.Debug|Any CPU.ActiveCfg = Debug|Any CPU
		{6C09C2A6-6FDC-4BAA-AF5D-F14EE2E1FBC7}.Debug|Any CPU.Build.0 = Debug|Any CPU
		{6C09C2A6-6FDC-4BAA-AF5D-F14EE2E1FBC7}.Release|Any CPU.ActiveCfg = Release|Any CPU
		{6C09C2A6-6FDC-4BAA-AF5D-F14EE2E1FBC7}.Release|Any CPU.Build.0 = Release|Any CPU
		{5C678C9A-1EEB-4C70-BEBC-7E091167B21C}.Debug|Any CPU.ActiveCfg = Debug|Any CPU
		{5C678C9A-1EEB-4C70-BEBC-7E091167B21C}.Debug|Any CPU.Build.0 = Debug|Any CPU
		{5C678C9A-1EEB-4C70-BEBC-7E091167B21C}.Release|Any CPU.ActiveCfg = Release|Any CPU
		{5C678C9A-1EEB-4C70-BEBC-7E091167B21C}.Release|Any CPU.Build.0 = Release|Any CPU
		{4B4768CD-CEFA-4948-881C-A08C1CD6B95D}.Debug|Any CPU.ActiveCfg = Debug|Any CPU
		{4B4768CD-CEFA-4948-881C-A08C1CD6B95D}.Debug|Any CPU.Build.0 = Debug|Any CPU
		{4B4768CD-CEFA-4948-881C-A08C1CD6B95D}.Release|Any CPU.ActiveCfg = Release|Any CPU
		{4B4768CD-CEFA-4948-881C-A08C1CD6B95D}.Release|Any CPU.Build.0 = Release|Any CPU
		{3F7B1589-1029-4EAF-B486-09B801B62687}.Debug|Any CPU.ActiveCfg = Debug|Any CPU
		{3F7B1589-1029-4EAF-B486-09B801B62687}.Debug|Any CPU.Build.0 = Debug|Any CPU
		{3F7B1589-1029-4EAF-B486-09B801B62687}.Release|Any CPU.ActiveCfg = Release|Any CPU
		{3F7B1589-1029-4EAF-B486-09B801B62687}.Release|Any CPU.Build.0 = Release|Any CPU
	EndGlobalSection
	GlobalSection(SolutionProperties) = preSolution
		HideSolutionNode = FALSE
	EndGlobalSection
	GlobalSection(ExtensibilityGlobals) = postSolution
		SolutionGuid = {339E8673-3031-44E2-ACEB-2EFF9AA606C7}
	EndGlobalSection
EndGlobal
