
Microsoft Visual Studio Solution File, Format Version 12.00
# Visual Studio Version 17
VisualStudioVersion = 17.6.33829.357
MinimumVisualStudioVersion = 10.0.40219.1
Project("{9A19103F-16F7-4668-BE54-9A1E7A4F7556}") = "Mcsg.Function.Media", "Mcsg.Function.Media\Mcsg.Function.Media.csproj", "{019EB209-281F-49EF-B6D3-7611B30DA9FB}"
EndProject
Global
	GlobalSection(SolutionConfigurationPlatforms) = preSolution
		Debug|Any CPU = Debug|Any CPU
		Release|Any CPU = Release|Any CPU
	EndGlobalSection
	GlobalSection(ProjectConfigurationPlatforms) = postSolution
		{019EB209-281F-49EF-B6D3-7611B30DA9FB}.Debug|Any CPU.ActiveCfg = Debug|Any CPU
		{019EB209-281F-49EF-B6D3-7611B30DA9FB}.Debug|Any CPU.Build.0 = Debug|Any CPU
		{019EB209-281F-49EF-B6D3-7611B30DA9FB}.Release|Any CPU.ActiveCfg = Release|Any CPU
		{019EB209-281F-49EF-B6D3-7611B30DA9FB}.Release|Any CPU.Build.0 = Release|Any CPU
	EndGlobalSection
	GlobalSection(SolutionProperties) = preSolution
		HideSolutionNode = FALSE
	EndGlobalSection
	GlobalSection(ExtensibilityGlobals) = postSolution
		SolutionGuid = {19FC943A-056D-4389-BD26-0BBEE558F9A3}
	EndGlobalSection
EndGlobal
