
Microsoft Visual Studio Solution File, Format Version 12.00
# Visual Studio Version 17
VisualStudioVersion = 17.7.34221.43
MinimumVisualStudioVersion = 10.0.40219.1
Project("{FAE04EC0-301F-11D3-BF4B-00C04F79EFBC}") = "Mcsg.Media.Tool", "Mcsg.Media.Tool\Mcsg.Media.Tool.csproj", "{D6F45618-A357-4629-8594-73058EC65BD6}"
EndProject
Global
	GlobalSection(SolutionConfigurationPlatforms) = preSolution
		Debug|Any CPU = Debug|Any CPU
		Release|Any CPU = Release|Any CPU
	EndGlobalSection
	GlobalSection(ProjectConfigurationPlatforms) = postSolution
		{D6F45618-A357-4629-8594-73058EC65BD6}.Debug|Any CPU.ActiveCfg = Debug|Any CPU
		{D6F45618-A357-4629-8594-73058EC65BD6}.Debug|Any CPU.Build.0 = Debug|Any CPU
		{D6F45618-A357-4629-8594-73058EC65BD6}.Release|Any CPU.ActiveCfg = Release|Any CPU
		{D6F45618-A357-4629-8594-73058EC65BD6}.Release|Any CPU.Build.0 = Release|Any CPU
	EndGlobalSection
	GlobalSection(SolutionProperties) = preSolution
		HideSolutionNode = FALSE
	EndGlobalSection
	GlobalSection(ExtensibilityGlobals) = postSolution
		SolutionGuid = {E0F794AF-4C6A-473B-A23C-0E885FF4E57C}
	EndGlobalSection
EndGlobal
