
Microsoft Visual Studio Solution File, Format Version 12.00
# Visual Studio Version 17
VisualStudioVersion = 17.6.33829.357
MinimumVisualStudioVersion = 10.0.40219.1
Project("{9A19103F-16F7-4668-BE54-9A1E7A4F7556}") = "Mcsg.Lib.Common", "Mcsg.Lib.Common\Mcsg.Lib.Common.csproj", "{5C155BE3-8D1A-402A-A53A-5EF07E5DCFAB}"
EndProject
Project("{FAE04EC0-301F-11D3-BF4B-00C04F79EFBC}") = "Mcsg.Lib.Common.Test", "Mcsg.Lib.Common.Test\Mcsg.Lib.Common.Test.csproj", "{A1C13B7A-4EE8-46B9-8B12-544174429FC9}"
EndProject
Global
	GlobalSection(SolutionConfigurationPlatforms) = preSolution
		Debug|Any CPU = Debug|Any CPU
		Release|Any CPU = Release|Any CPU
	EndGlobalSection
	GlobalSection(ProjectConfigurationPlatforms) = postSolution
		{5C155BE3-8D1A-402A-A53A-5EF07E5DCFAB}.Debug|Any CPU.ActiveCfg = Debug|Any CPU
		{5C155BE3-8D1A-402A-A53A-5EF07E5DCFAB}.Debug|Any CPU.Build.0 = Debug|Any CPU
		{5C155BE3-8D1A-402A-A53A-5EF07E5DCFAB}.Release|Any CPU.ActiveCfg = Release|Any CPU
		{5C155BE3-8D1A-402A-A53A-5EF07E5DCFAB}.Release|Any CPU.Build.0 = Release|Any CPU
		{A1C13B7A-4EE8-46B9-8B12-544174429FC9}.Debug|Any CPU.ActiveCfg = Debug|Any CPU
		{A1C13B7A-4EE8-46B9-8B12-544174429FC9}.Debug|Any CPU.Build.0 = Debug|Any CPU
		{A1C13B7A-4EE8-46B9-8B12-544174429FC9}.Release|Any CPU.ActiveCfg = Release|Any CPU
		{A1C13B7A-4EE8-46B9-8B12-544174429FC9}.Release|Any CPU.Build.0 = Release|Any CPU
	EndGlobalSection
	GlobalSection(SolutionProperties) = preSolution
		HideSolutionNode = FALSE
	EndGlobalSection
	GlobalSection(ExtensibilityGlobals) = postSolution
		SolutionGuid = {025DA2AA-A6D6-45F8-90B9-8421E3F54581}
	EndGlobalSection
EndGlobal
