
Microsoft Visual Studio Solution File, Format Version 12.00
# Visual Studio Version 17
VisualStudioVersion = 17.6.33829.357
MinimumVisualStudioVersion = 10.0.40219.1
Project("{9A19103F-16F7-4668-BE54-9A1E7A4F7556}") = "Mcsg.Lib.Common.Web", "Mcsg.Lib.Common.Web\Mcsg.Lib.Common.Web.csproj", "{0CA3E685-6297-47EA-BB58-553620507D90}"
EndProject
Global
	GlobalSection(SolutionConfigurationPlatforms) = preSolution
		Debug|Any CPU = Debug|Any CPU
		Release|Any CPU = Release|Any CPU
	EndGlobalSection
	GlobalSection(ProjectConfigurationPlatforms) = postSolution
		{0CA3E685-6297-47EA-BB58-553620507D90}.Debug|Any CPU.ActiveCfg = Debug|Any CPU
		{0CA3E685-6297-47EA-BB58-553620507D90}.Debug|Any CPU.Build.0 = Debug|Any CPU
		{0CA3E685-6297-47EA-BB58-553620507D90}.Release|Any CPU.ActiveCfg = Release|Any CPU
		{0CA3E685-6297-47EA-BB58-553620507D90}.Release|Any CPU.Build.0 = Release|Any CPU
	EndGlobalSection
	GlobalSection(SolutionProperties) = preSolution
		HideSolutionNode = FALSE
	EndGlobalSection
	GlobalSection(ExtensibilityGlobals) = postSolution
		SolutionGuid = {FC043491-E38D-4581-B2B6-55615DBC5049}
	EndGlobalSection
EndGlobal
