
Microsoft Visual Studio Solution File, Format Version 12.00
# Visual Studio Version 17
VisualStudioVersion = 17.8.34330.188
MinimumVisualStudioVersion = 10.0.40219.1
Project("{9A19103F-16F7-4668-BE54-9A1E7A4F7556}") = "Mcsg.Wallet.Api", "Mcsg.Wallet.Api\Mcsg.Wallet.Api.csproj", "{7F633452-09F7-4FFA-A16C-A59E3002D8E3}"
EndProject
Global
	GlobalSection(SolutionConfigurationPlatforms) = preSolution
		Debug|Any CPU = Debug|Any CPU
		Release|Any CPU = Release|Any CPU
	EndGlobalSection
	GlobalSection(ProjectConfigurationPlatforms) = postSolution
		{7F633452-09F7-4FFA-A16C-A59E3002D8E3}.Debug|Any CPU.ActiveCfg = Debug|Any CPU
		{7F633452-09F7-4FFA-A16C-A59E3002D8E3}.Debug|Any CPU.Build.0 = Debug|Any CPU
		{7F633452-09F7-4FFA-A16C-A59E3002D8E3}.Release|Any CPU.ActiveCfg = Release|Any CPU
		{7F633452-09F7-4FFA-A16C-A59E3002D8E3}.Release|Any CPU.Build.0 = Release|Any CPU
	EndGlobalSection
	GlobalSection(SolutionProperties) = preSolution
		HideSolutionNode = FALSE
	EndGlobalSection
	GlobalSection(ExtensibilityGlobals) = postSolution
		SolutionGuid = {CB3942F7-1B94-4821-B5B1-5F8CC7D72648}
	EndGlobalSection
EndGlobal
